// !$*UTF8*$!
{
	archiveVersion = 1;
	classes = {
	};
	objectVersion = 46;
	objects = {

/* Begin PBXBuildFile section */
		2FABF8D01C8CD18B00543451 /* AppDelegate.swift in Sources */ = {isa = PBXBuildFile; fileRef = 2FABF8CF1C8CD18B00543451 /* AppDelegate.swift */; };
		2FABF8D21C8CD18B00543451 /* ViewController.swift in Sources */ = {isa = PBXBuildFile; fileRef = 2FABF8D11C8CD18B00543451 /* ViewController.swift */; };
		2FABF8D51C8CD18B00543451 /* Main.storyboard in Resources */ = {isa = PBXBuildFile; fileRef = 2FABF8D31C8CD18B00543451 /* Main.storyboard */; };
		2FABF8D71C8CD18B00543451 /* Assets.xcassets in Resources */ = {isa = PBXBuildFile; fileRef = 2FABF8D61C8CD18B00543451 /* Assets.xcassets */; };
		2FABF8DA1C8CD18B00543451 /* LaunchScreen.storyboard in Resources */ = {isa = PBXBuildFile; fileRef = 2FABF8D81C8CD18B00543451 /* LaunchScreen.storyboard */; };
		2FABF8E21C8CD19D00543451 /* stuff.html in Resources */ = {isa = PBXBuildFile; fileRef = 2FABF8E11C8CD19D00543451 /* stuff.html */; };
/* End PBXBuildFile section */

/* Begin PBXFileReference section */
		2FABF8CC1C8CD18B00543451 /* js_test.app */ = {isa = PBXFileReference; explicitFileType = wrapper.application; includeInIndex = 0; path = js_test.app; sourceTree = BUILT_PRODUCTS_DIR; };
		2FABF8CF1C8CD18B00543451 /* AppDelegate.swift */ = {isa = PBXFileReference; lastKnownFileType = sourcecode.swift; path = AppDelegate.swift; sourceTree = "<group>"; };
		2FABF8D11C8CD18B00543451 /* ViewController.swift */ = {isa = PBXFileReference; lastKnownFileType = sourcecode.swift; path = ViewController.swift; sourceTree = "<group>"; };
		2FABF8D41C8CD18B00543451 /* Base */ = {isa = PBXFileReference; lastKnownFileType = file.storyboard; name = Base; path = Base.lproj/Main.storyboard; sourceTree = "<group>"; };
		2FABF8D61C8CD18B00543451 /* Assets.xcassets */ = {isa = PBXFileReference; lastKnownFileType = folder.assetcatalog; path = Assets.xcassets; sourceTree = "<group>"; };
		2FABF8D91C8CD18B00543451 /* Base */ = {isa = PBXFileReference; lastKnownFileType = file.storyboard; name = Base; path = Base.lproj/LaunchScreen.storyboard; sourceTree = "<group>"; };
		2FABF8DB1C8CD18B00543451 /* Info.plist */ = {isa = PBXFileReference; lastKnownFileType = text.plist.xml; path = Info.plist; sourceTree = "<group>"; };
		2FABF8E11C8CD19D00543451 /* stuff.html */ = {isa = PBXFileReference; fileEncoding = 4; lastKnownFileType = text.html; path = stuff.html; sourceTree = "<group>"; };
/* End PBXFileReference section */

/* Begin PBXFrameworksBuildPhase section */
		2FABF8C91C8CD18B00543451 /* Frameworks */ = {
			isa = PBXFrameworksBuildPhase;
			buildActionMask = 2147483647;
			files = (
			);
			runOnlyForDeploymentPostprocessing = 0;
		};
/* End PBXFrameworksBuildPhase section */

/* Begin PBXGroup section */
		2FABF8C31C8CD18B00543451 = {
			isa = PBXGroup;
			children = (
				2FABF8CE1C8CD18B00543451 /* js_test */,
				2FABF8CD1C8CD18B00543451 /* Products */,
			);
			sourceTree = "<group>";
		};
		2FABF8CD1C8CD18B00543451 /* Products */ = {
			isa = PBXGroup;
			children = (
				2FABF8CC1C8CD18B00543451 /* js_test.app */,
			);
			name = Products;
			sourceTree = "<group>";
		};
		2FABF8CE1C8CD18B00543451 /* js_test */ = {
			isa = PBXGroup;
			children = (
				2FABF8CF1C8CD18B00543451 /* AppDelegate.swift */,
				2FABF8D11C8CD18B00543451 /* ViewController.swift */,
				2FABF8D31C8CD18B00543451 /* Main.storyboard */,
				2FABF8D61C8CD18B00543451 /* Assets.xcassets */,
				2FABF8D81C8CD18B00543451 /* LaunchScreen.storyboard */,
				2FABF8DB1C8CD18B00543451 /* Info.plist */,
				2FABF8E11C8CD19D00543451 /* stuff.html */,
			);
			path = js_test;
			sourceTree = "<group>";
		};
/* End PBXGroup section */

/* Begin PBXNativeTarget section */
		2FABF8CB1C8CD18B00543451 /* js_test */ = {
			isa = PBXNativeTarget;
			buildConfigurationList = 2FABF8DE1C8CD18B00543451 /* Build configuration list for PBXNativeTarget "js_test" */;
			buildPhases = (
				2FABF8C81C8CD18B00543451 /* Sources */,
				2FABF8C91C8CD18B00543451 /* Frameworks */,
				2FABF8CA1C8CD18B00543451 /* Resources */,
			);
			buildRules = (
			);
			dependencies = (
			);
			name = js_test;
			productName = js_test;
			productReference = 2FABF8CC1C8CD18B00543451 /* js_test.app */;
			productType = "com.apple.product-type.application";
		};
/* End PBXNativeTarget section */

/* Begin PBXProject section */
		2FABF8C41C8CD18B00543451 /* Project object */ = {
			isa = PBXProject;
			attributes = {
				LastSwiftUpdateCheck = 0720;
				LastUpgradeCheck = 0720;
				ORGANIZATIONNAME = "Derrick  Ho";
				TargetAttributes = {
					2FABF8CB1C8CD18B00543451 = {
						CreatedOnToolsVersion = 7.2.1;
					};
				};
			};
			buildConfigurationList = 2FABF8C71C8CD18B00543451 /* Build configuration list for PBXProject "js_test" */;
			compatibilityVersion = "Xcode 3.2";
			developmentRegion = English;
			hasScannedForEncodings = 0;
			knownRegions = (
				en,
				Base,
			);
			mainGroup = 2FABF8C31C8CD18B00543451;
			productRefGroup = 2FABF8CD1C8CD18B00543451 /* Products */;
			projectDirPath = "";
			projectRoot = "";
			targets = (
				2FABF8CB1C8CD18B00543451 /* js_test */,
			);
		};
/* End PBXProject section */

/* Begin PBXResourcesBuildPhase section */
		2FABF8CA1C8CD18B00543451 /* Resources */ = {
			isa = PBXResourcesBuildPhase;
			buildActionMask = 2147483647;
			files = (
				2FABF8DA1C8CD18B00543451 /* LaunchScreen.storyboard in Resources */,
				2FABF8E21C8CD19D00543451 /* stuff.html in Resources */,
				2FABF8D71C8CD18B00543451 /* Assets.xcassets in Resources */,
				2FABF8D51C8CD18B00543451 /* Main.storyboard in Resources */,
			);
			runOnlyForDeploymentPostprocessing = 0;
		};
/* End PBXResourcesBuildPhase section */

/* Begin PBXSourcesBuildPhase section */
		2FABF8C81C8CD18B00543451 /* Sources */ = {
			isa = PBXSourcesBuildPhase;
			buildActionMask = 2147483647;
			files = (
				2FABF8D21C8CD18B00543451 /* ViewController.swift in Sources */,
				2FABF8D01C8CD18B00543451 /* AppDelegate.swift in Sources */,
			);
			runOnlyForDeploymentPostprocessing = 0;
		};
/* End PBXSourcesBuildPhase section */

/* Begin PBXVariantGroup section */
		2FABF8D31C8CD18B00543451 /* Main.storyboard */ = {
			isa = PBXVariantGroup;
			children = (
				2FABF8D41C8CD18B00543451 /* Base */,
			);
			name = Main.storyboard;
			sourceTree = "<group>";
		};
		2FABF8D81C8CD18B00543451 /* LaunchScreen.storyboard */ = {
			isa = PBXVariantGroup;
			children = (
				2FABF8D91C8CD18B00543451 /* Base */,
			);
			name = LaunchScreen.storyboard;
			sourceTree = "<group>";
		};
/* End PBXVariantGroup section */

/* Begin XCBuildConfiguration section */
		2FABF8DC1C8CD18B00543451 /* Debug */ = {
			isa = XCBuildConfiguration;
			buildSettings = {
				ALWAYS_SEARCH_USER_PATHS = NO;
				CLANG_CXX_LANGUAGE_STANDARD = "gnu++0x";
				CLANG_CXX_LIBRARY = "libc++";
				CLANG_ENABLE_MODULES = YES;
				CLANG_ENABLE_OBJC_ARC = YES;
				CLANG_WARN_BOOL_CONVERSION = YES;
				CLANG_WARN_CONSTANT_CONVERSION = YES;
				CLANG_WARN_DIRECT_OBJC_ISA_USAGE = YES_ERROR;
				CLANG_WARN_EMPTY_BODY = YES;
				CLANG_WARN_ENUM_CONVERSION = YES;
				CLANG_WARN_INT_CONVERSION = YES;
				CLANG_WARN_OBJC_ROOT_CLASS = YES_ERROR;
				CLANG_WARN_UNREACHABLE_CODE = YES;
				CLANG_WARN__DUPLICATE_METHOD_MATCH = YES;
				"CODE_SIGN_IDENTITY[sdk=iphoneos*]" = "iPhone Developer";
				COPY_PHASE_STRIP = NO;
				DEBUG_INFORMATION_FORMAT = dwarf;
				ENABLE_STRICT_OBJC_MSGSEND = YES;
				ENABLE_TESTABILITY = YES;
				GCC_C_LANGUAGE_STANDARD = gnu99;
				GCC_DYNAMIC_NO_PIC = NO;
				GCC_NO_COMMON_BLOCKS = YES;
				GCC_OPTIMIZATION_LEVEL = 0;
				GCC_PREPROCESSOR_DEFINITIONS = (
					"DEBUG=1",
					"$(inherited)",
				);
				GCC_WARN_64_TO_32_BIT_CONVERSION = YES;
				GCC_WARN_ABOUT_RETURN_TYPE = YES_ERROR;
				GCC_WARN_UNDECLARED_SELECTOR = YES;
				GCC_WARN_UNINITIALIZED_AUTOS = YES_AGGRESSIVE;
				GCC_WARN_UNUSED_FUNCTION = YES;
				GCC_WARN_UNUSED_VARIABLE = YES;
				IPHONEOS_DEPLOYMENT_TARGET = 9.2;
				MTL_ENABLE_DEBUG_INFO = YES;
				ONLY_ACTIVE_ARCH = YES;
				SDKROOT = iphoneos;
				SWIFT_OPTIMIZATION_LEVEL = "-Onone";
				TARGETED_DEVICE_FAMILY = "1,2";
			};
			name = Debug;
		};
		2FABF8DD1C8CD18B00543451 /* Release */ = {
			isa = XCBuildConfiguration;
			buildSettings = {
				ALWAYS_SEARCH_USER_PATHS = NO;
				CLANG_CXX_LANGUAGE_STANDARD = "gnu++0x";
				CLANG_CXX_LIBRARY = "libc++";
				CLANG_ENABLE_MODULES = YES;
				CLANG_ENABLE_OBJC_ARC = YES;
				CLANG_WARN_BOOL_CONVERSION = YES;
				CLANG_WARN_CONSTANT_CONVERSION = YES;
				CLANG_WARN_DIRECT_OBJC_ISA_USAGE = YES_ERROR;
				CLANG_WARN_EMPTY_BODY = YES;
				CLANG_WARN_ENUM_CONVERSION = YES;
				CLANG_WARN_INT_CONVERSION = YES;
				CLANG_WARN_OBJC_ROOT_CLASS = YES_ERROR;
				CLANG_WARN_UNREACHABLE_CODE = YES;
				CLANG_WARN__DUPLICATE_METHOD_MATCH = YES;
				"CODE_SIGN_IDENTITY[sdk=iphoneos*]" = "iPhone Developer";
				COPY_PHASE_STRIP = NO;
				DEBUG_INFORMATION_FORMAT = "dwarf-with-dsym";
				ENABLE_NS_ASSERTIONS = NO;
				ENABLE_STRICT_OBJC_MSGSEND = YES;
				GCC_C_LANGUAGE_STANDARD = gnu99;
				GCC_NO_COMMON_BLOCKS = YES;
				GCC_WARN_64_TO_32_BIT_CONVERSION = YES;
				GCC_WARN_ABOUT_RETURN_TYPE = YES_ERROR;
				GCC_WARN_UNDECLARED_SELECTOR = YES;
				GCC_WARN_UNINITIALIZED_AUTOS = YES_AGGRESSIVE;
				GCC_WARN_UNUSED_FUNCTION = YES;
				GCC_WARN_UNUSED_VARIABLE = YES;
				IPHONEOS_DEPLOYMENT_TARGET = 9.2;
				MTL_ENABLE_DEBUG_INFO = NO;
				SDKROOT = iphoneos;
				TARGETED_DEVICE_FAMILY = "1,2";
				VALIDATE_PRODUCT = YES;
			};
			name = Release;
		};
		2FABF8DF1C8CD18B00543451 /* Debug */ = {
			isa = XCBuildConfiguration;
			buildSettings = {
				ASSETCATALOG_COMPILER_APPICON_NAME = AppIcon;
				INFOPLIST_FILE = js_test/Info.plist;
				LD_RUNPATH_SEARCH_PATHS = "$(inherited) @executable_path/Frameworks";
				PRODUCT_BUNDLE_IDENTIFIER = "dnthome.js-test";
				PRODUCT_NAME = "$(TARGET_NAME)";
			};
			name = Debug;
		};
		2FABF8E01C8CD18B00543451 /* Release */ = {
			isa = XCBuildConfiguration;
			buildSettings = {
				ASSETCATALOG_COMPILER_APPICON_NAME = AppIcon;
				INFOPLIST_FILE = js_test/Info.plist;
				LD_RUNPATH_SEARCH_PATHS = "$(inherited) @executable_path/Frameworks";
				PRODUCT_BUNDLE_IDENTIFIER = "dnthome.js-test";
				PRODUCT_NAME = "$(TARGET_NAME)";
			};
			name = Release;
		};
/* End XCBuildConfiguration section */

/* Begin XCConfigurationList section */
		2FABF8C71C8CD18B00543451 /* Build configuration list for PBXProject "js_test" */ = {
			isa = XCConfigurationList;
			buildConfigurations = (
				2FABF8DC1C8CD18B00543451 /* Debug */,
				2FABF8DD1C8CD18B00543451 /* Release */,
			);
			defaultConfigurationIsVisible = 0;
			defaultConfigurationName = Release;
		};
		2FABF8DE1C8CD18B00543451 /* Build configuration list for PBXNativeTarget "js_test" */ = {
			isa = XCConfigurationList;
			buildConfigurations = (
				2FABF8DF1C8CD18B00543451 /* Debug */,
				2FABF8E01C8CD18B00543451 /* Release */,
			);
			defaultConfigurationIsVisible = 0;
		};
/* End XCConfigurationList section */
	};
	rootObject = 2FABF8C41C8CD18B00543451 /* Project object */;
}
